
Microsoft Visual Studio Solution File, Format Version 12.00
# Visual Studio Version 16
VisualStudioVersion = 16.0.31515.178
MinimumVisualStudioVersion = 10.0.40219.1
Project("{FAE04EC0-301F-11D3-BF4B-00C04F79EFBC}") = "ContractOrganizer", "ContractOrganizer\ContractOrganizer.csproj", "{AF7BC552-6ABA-4A89-A5E6-B416415DD1A0}"
EndProject
Global
	GlobalSection(SolutionConfigurationPlatforms) = preSolution
		Debug|Any CPU = Debug|Any CPU
		Release|Any CPU = Release|Any CPU
	EndGlobalSection
	GlobalSection(ProjectConfigurationPlatforms) = postSolution
		{AF7BC552-6ABA-4A89-A5E6-B416415DD1A0}.Debug|Any CPU.ActiveCfg = Debug|Any CPU
		{AF7BC552-6ABA-4A89-A5E6-B416415DD1A0}.Debug|Any CPU.Build.0 = Debug|Any CPU
		{AF7BC552-6ABA-4A89-A5E6-B416415DD1A0}.Release|Any CPU.ActiveCfg = Release|Any CPU
		{AF7BC552-6ABA-4A89-A5E6-B416415DD1A0}.Release|Any CPU.Build.0 = Release|Any CPU
	EndGlobalSection
	GlobalSection(SolutionProperties) = preSolution
		HideSolutionNode = FALSE
	EndGlobalSection
	GlobalSection(ExtensibilityGlobals) = postSolution
		SolutionGuid = {755C8F9B-3C38-4801-9F2D-952B87963084}
	EndGlobalSection
EndGlobal
